<?xml version="1.0" encoding="utf-8"?>
<Project ToolsVersion="4.0" xmlns="http://schemas.microsoft.com/developer/msbuild/2003">
  <ItemGroup>
    <Filter Include="Source Files">
      <UniqueIdentifier>{4FC737F1-C7A5-4376-A066-2A32D752A2FF}</UniqueIdentifier>
      <Extensions>cpp;c;cc;cxx;def;odl;idl;hpj;bat;asm;asmx</Extensions>
    </Filter>
    <Filter Include="Header Files">
      <UniqueIdentifier>{93995380-89BD-4b04-88EB-625FBE52EBFB}</UniqueIdentifier>
      <Extensions>h;hh;hpp;hxx;hm;inl;inc;ipp;xsd</Extensions>
    </Filter>
    <Filter Include="Resource Files">
      <UniqueIdentifier>{67DA6AB6-F800-4c08-8B7A-83BB121AAD01}</UniqueIdentifier>
      <Extensions>rc;ico;cur;bmp;dlg;rc2;rct;bin;rgs;gif;jpg;jpeg;jpe;resx;tiff;tif;png;wav;mfcribbon-ms</Extensions>
    </Filter>
    <Filter Include="Header Files\config">
      <UniqueIdentifier>{b3f1d235-0a52-42c4-9ff4-c0b3326eebd1}</UniqueIdentifier>
    </Filter>
    <Filter Include="Header Files\enums">
      <UniqueIdentifier>{bebea86b-f8a7-461f-a416-2cee6f194fab}</UniqueIdentifier>
    </Filter>
    <Filter Include="Header Files\io">
      <UniqueIdentifier>{a736b6f0-700b-44b1-ae1b-e0d5ad221230}</UniqueIdentifier>
    </Filter>
    <Filter Include="Header Files\utils">
      <UniqueIdentifier>{96615d1b-991f-489f-ae94-adba252f72ea}</UniqueIdentifier>
    </Filter>
    <Filter Include="Source Files\io">
      <UniqueIdentifier>{6fc8095b-aba1-4e4b-a80c-f1e6814132a3}</UniqueIdentifier>
    </Filter>
  </ItemGroup>
  <ItemGroup>
    <ClCompile Include="App.cpp">
      <Filter>Source Files</Filter>
    </ClCompile>
    <ClCompile Include="OutputStream.cpp">
      <Filter>Source Files\io</Filter>
    </ClCompile>
    <ClCompile Include="Socket.cpp">
      <Filter>Source Files\io</Filter>
    </ClCompile>
    <ClCompile Include="SocketException.cpp">
      <Filter>Source Files\io</Filter>
    </ClCompile>
    <ClCompile Include="InputStream.cpp">
      <Filter>Source Files\io</Filter>
    </ClCompile>
    <ClCompile Include="Client.cpp">
      <Filter>Source Files</Filter>
    </ClCompile>
  </ItemGroup>
  <ItemGroup>
    <ClInclude Include="Config.h">
      <Filter>Header Files\config</Filter>
    </ClInclude>
    <ClInclude Include="ConnectionState.h">
      <Filter>Header Files\enums</Filter>
    </ClInclude>
    <ClInclude Include="OutputStream.h">
      <Filter>Header Files\io</Filter>
    </ClInclude>
    <ClInclude Include="Socket.h">
      <Filter>Header Files\io</Filter>
    </ClInclude>
    <ClInclude Include="Utils.h">
      <Filter>Header Files\utils</Filter>
    </ClInclude>
    <ClInclude Include="SocketException.h">
      <Filter>Header Files\io</Filter>
    </ClInclude>
    <ClInclude Include="IOErrors.h">
      <Filter>Header Files\io</Filter>
    </ClInclude>
    <ClInclude Include="InputStream.h">
      <Filter>Header Files\io</Filter>
    </ClInclude>
    <ClInclude Include="Client.h">
      <Filter>Header Files</Filter>
    </ClInclude>
  </ItemGroup>
</Project>