<?xml version="1.0" encoding="utf-8"?>
<Project ToolsVersion="4.0" xmlns="http://schemas.microsoft.com/developer/msbuild/2003">
  <ItemGroup>
    <Filter Include="Source Files">
      <UniqueIdentifier>{4FC737F1-C7A5-4376-A066-2A32D752A2FF}</UniqueIdentifier>
      <Extensions>cpp;c;cc;cxx;c++;cppm;ixx;def;odl;idl;hpj;bat;asm;asmx</Extensions>
    </Filter>
    <Filter Include="Header Files">
      <UniqueIdentifier>{93995380-89BD-4b04-88EB-625FBE52EBFB}</UniqueIdentifier>
      <Extensions>h;hh;hpp;hxx;h++;hm;inl;inc;ipp;xsd</Extensions>
    </Filter>
    <Filter Include="Resource Files">
      <UniqueIdentifier>{67DA6AB6-F800-4c08-8B7A-83BB121AAD01}</UniqueIdentifier>
      <Extensions>rc;ico;cur;bmp;dlg;rc2;rct;bin;rgs;gif;jpg;jpeg;jpe;resx;tiff;tif;png;wav;mfcribbon-ms</Extensions>
    </Filter>
    <Filter Include="Source Files\game">
      <UniqueIdentifier>{75299388-2b90-46e6-9abd-2f8fbfb5985e}</UniqueIdentifier>
    </Filter>
    <Filter Include="Header Files\game">
      <UniqueIdentifier>{3e1906ac-c67f-49dd-9b45-b19be884fc34}</UniqueIdentifier>
    </Filter>
    <Filter Include="Header Files\config">
      <UniqueIdentifier>{3d2d0fa1-6f3c-4010-9750-072741dc0efb}</UniqueIdentifier>
    </Filter>
    <Filter Include="Header Files\exception">
      <UniqueIdentifier>{0c79e763-7448-45a4-bf39-2b2b3f58aa24}</UniqueIdentifier>
    </Filter>
    <Filter Include="Source Files\exception">
      <UniqueIdentifier>{92caca25-94e9-47ed-80b0-07aa260cf401}</UniqueIdentifier>
    </Filter>
    <Filter Include="Header Files\utils">
      <UniqueIdentifier>{297ffdbc-4ea3-4310-ac38-f598b9eb5b67}</UniqueIdentifier>
    </Filter>
    <Filter Include="Source Files\utils">
      <UniqueIdentifier>{a95d06e8-c74e-429f-a94e-0bc1c20bc831}</UniqueIdentifier>
    </Filter>
    <Filter Include="Header Files\entity">
      <UniqueIdentifier>{59488ee5-56e9-4f9d-b911-cafb4bd0ba0a}</UniqueIdentifier>
    </Filter>
    <Filter Include="Source Files\entity">
      <UniqueIdentifier>{23901e00-b5ae-4ace-b30d-79056b365f96}</UniqueIdentifier>
    </Filter>
    <Filter Include="Header Files\particles">
      <UniqueIdentifier>{6388c150-e70c-45bc-ad3e-6727668ff628}</UniqueIdentifier>
    </Filter>
    <Filter Include="Source Files\particles">
      <UniqueIdentifier>{0aefb65b-ebcb-4b40-b0c5-e58965398d51}</UniqueIdentifier>
    </Filter>
    <Filter Include="Header Files\graphics">
      <UniqueIdentifier>{020f5b31-6f54-4b4f-8bd6-c2ea793f4d37}</UniqueIdentifier>
    </Filter>
    <Filter Include="Source Files\graphics">
      <UniqueIdentifier>{b96be55a-536d-4afd-bf29-35c770332595}</UniqueIdentifier>
    </Filter>
    <Filter Include="Header Files\GLSL">
      <UniqueIdentifier>{7dba4241-0fef-471a-bddc-d208634eb63f}</UniqueIdentifier>
    </Filter>
    <Filter Include="Source Files\GLSL">
      <UniqueIdentifier>{1d6e7f04-548a-4ba1-a051-ddcdfd9e3ed7}</UniqueIdentifier>
    </Filter>
    <Filter Include="Header Files\geometry">
      <UniqueIdentifier>{40e27695-c8a4-4abd-8af4-3d119e844af0}</UniqueIdentifier>
    </Filter>
    <Filter Include="Source Files\geometry">
      <UniqueIdentifier>{435b6072-34bb-4ae5-ae39-988b0c6b8c33}</UniqueIdentifier>
    </Filter>
    <Filter Include="Source Files\A%2a">
      <UniqueIdentifier>{384ecbbe-c519-4ffa-8e1b-0d91757e47ef}</UniqueIdentifier>
    </Filter>
    <Filter Include="Header Files\A%2a">
      <UniqueIdentifier>{719e49cb-b735-4c21-a8d5-c0da19c7f93a}</UniqueIdentifier>
    </Filter>
    <Filter Include="Header Files\Collections">
      <UniqueIdentifier>{5e03e3c8-9b85-46a5-a07e-31587d9d90a2}</UniqueIdentifier>
    </Filter>
    <Filter Include="Source Files\Colections">
      <UniqueIdentifier>{42b02219-6a41-450b-aabd-d162e9104c34}</UniqueIdentifier>
    </Filter>
    <Filter Include="Header Files\texture">
      <UniqueIdentifier>{c6f6baec-5a7a-4419-a32a-3bc8f5ad249c}</UniqueIdentifier>
    </Filter>
    <Filter Include="Source Files\texture">
      <UniqueIdentifier>{d7c42ad7-e8db-4a45-8d03-1d9f13f28754}</UniqueIdentifier>
    </Filter>
    <Filter Include="Header Files\Shadows">
      <UniqueIdentifier>{84f99af6-8dd3-42e5-bb75-dd8f6ad047cd}</UniqueIdentifier>
    </Filter>
    <Filter Include="Source Files\Shadows">
      <UniqueIdentifier>{223c0e5c-43e2-46b4-b6cd-35f729535797}</UniqueIdentifier>
    </Filter>
  </ItemGroup>
  <ItemGroup>
    <ClCompile Include="MainGame.cpp">
      <Filter>Source Files\game</Filter>
    </ClCompile>
    <ClCompile Include="SDLException.cpp">
      <Filter>Source Files\exception</Filter>
    </ClCompile>
    <ClCompile Include="ObjectBase.cpp">
      <Filter>Source Files\game</Filter>
    </ClCompile>
    <ClCompile Include="IOManager.cpp">
      <Filter>Source Files\utils</Filter>
    </ClCompile>
    <ClCompile Include="PicoPNG.cpp">
      <Filter>Source Files\utils</Filter>
    </ClCompile>
    <ClCompile Include="ImageLoader.cpp">
      <Filter>Source Files\utils</Filter>
    </ClCompile>
    <ClCompile Include="ResourceManager.cpp">
      <Filter>Source Files\utils</Filter>
    </ClCompile>
    <ClCompile Include="TextureCache.cpp">
      <Filter>Source Files\utils</Filter>
    </ClCompile>
    <ClCompile Include="Camera2D.cpp">
      <Filter>Source Files\game</Filter>
    </ClCompile>
    <ClCompile Include="InputManager.cpp">
      <Filter>Source Files\utils</Filter>
    </ClCompile>
    <ClCompile Include="Image.cpp">
      <Filter>Source Files\utils</Filter>
    </ClCompile>
    <ClCompile Include="SpriteBatch.cpp">
      <Filter>Source Files\game</Filter>
    </ClCompile>
    <ClCompile Include="Bullet.cpp">
      <Filter>Source Files\entity</Filter>
    </ClCompile>
    <ClCompile Include="Window.cpp">
      <Filter>Source Files\game</Filter>
    </ClCompile>
    <ClCompile Include="ShaderProgram.cpp">
      <Filter>Source Files\game</Filter>
    </ClCompile>
    <ClCompile Include="Renderer.cpp">
      <Filter>Source Files\graphics</Filter>
    </ClCompile>
    <ClCompile Include="GLSL_Circle.cpp">
      <Filter>Source Files\GLSL</Filter>
    </ClCompile>
    <ClCompile Include="GLSL_Object.cpp">
      <Filter>Source Files\GLSL</Filter>
    </ClCompile>
    <ClCompile Include="Circle.cpp">
      <Filter>Source Files\geometry</Filter>
    </ClCompile>
    <ClCompile Include="GLSL_Square.cpp">
      <Filter>Source Files\GLSL</Filter>
    </ClCompile>
    <ClCompile Include="GeometryBase.cpp">
      <Filter>Source Files\geometry</Filter>
    </ClCompile>
    <ClCompile Include="Square.cpp">
      <Filter>Source Files\geometry</Filter>
    </ClCompile>
    <ClCompile Include="GLSL_Point.cpp">
      <Filter>Source Files\GLSL</Filter>
    </ClCompile>
    <ClCompile Include="GLSL_Line.cpp">
      <Filter>Source Files\GLSL</Filter>
    </ClCompile>
    <ClCompile Include="Point.cpp">
      <Filter>Source Files\geometry</Filter>
    </ClCompile>
    <ClCompile Include="Line.cpp">
      <Filter>Source Files\geometry</Filter>
    </ClCompile>
    <ClCompile Include="Vertex.cpp">
      <Filter>Source Files\graphics</Filter>
    </ClCompile>
    <ClCompile Include="Graphics.cpp">
      <Filter>Source Files\graphics</Filter>
    </ClCompile>
    <ClCompile Include="Collision.cpp">
      <Filter>Source Files\utils</Filter>
    </ClCompile>
    <ClCompile Include="ParticleEngine2D.cpp">
      <Filter>Source Files\particles</Filter>
    </ClCompile>
    <ClCompile Include="GLSL_Texture.cpp">
      <Filter>Source Files\GLSL</Filter>
    </ClCompile>
    <ClCompile Include="AStarAlgorithm.cpp">
      <Filter>Source Files\A%2a</Filter>
    </ClCompile>
    <ClCompile Include="Node.cpp">
      <Filter>Source Files\A%2a</Filter>
    </ClCompile>
    <ClCompile Include="NodeComparator.cpp">
      <Filter>Source Files\A%2a</Filter>
    </ClCompile>
    <ClCompile Include="Utils.cpp">
      <Filter>Source Files\utils</Filter>
    </ClCompile>
    <ClCompile Include="Element.cpp">
      <Filter>Source Files\Colections</Filter>
    </ClCompile>
    <ClCompile Include="SearchSpace.cpp">
      <Filter>Source Files\A%2a</Filter>
    </ClCompile>
    <ClCompile Include="GLSL_Light.cpp">
      <Filter>Source Files\GLSL</Filter>
    </ClCompile>
    <ClCompile Include="Light.cpp">
      <Filter>Source Files\particles</Filter>
    </ClCompile>
    <ClCompile Include="TileSheet.cpp">
      <Filter>Source Files\graphics</Filter>
    </ClCompile>
    <ClCompile Include="TextureAtlas.cpp">
      <Filter>Source Files\texture</Filter>
    </ClCompile>
    <ClCompile Include="Animation.cpp">
      <Filter>Source Files\texture</Filter>
    </ClCompile>
    <ClCompile Include="Time.cpp">
      <Filter>Source Files\game</Filter>
    </ClCompile>
    <ClCompile Include="CustomRenderer.cpp">
      <Filter>Source Files\graphics</Filter>
    </ClCompile>
    <ClCompile Include="Edge.cpp">
      <Filter>Source Files\Shadows</Filter>
    </ClCompile>
  </ItemGroup>
  <ItemGroup>
    <ClInclude Include="MainGame.h">
      <Filter>Header Files\game</Filter>
    </ClInclude>
    <ClInclude Include="SDLException.h">
      <Filter>Header Files\exception</Filter>
    </ClInclude>
    <ClInclude Include="SDLError.h">
      <Filter>Header Files\exception</Filter>
    </ClInclude>
    <ClInclude Include="ObjectBase.h">
      <Filter>Header Files\game</Filter>
    </ClInclude>
    <ClInclude Include="IOManager.h">
      <Filter>Header Files\utils</Filter>
    </ClInclude>
    <ClInclude Include="PicoPNG.H">
      <Filter>Header Files\utils</Filter>
    </ClInclude>
    <ClInclude Include="ImageLoader.h">
      <Filter>Header Files\utils</Filter>
    </ClInclude>
    <ClInclude Include="ResourceManager.h">
      <Filter>Header Files\utils</Filter>
    </ClInclude>
    <ClInclude Include="TextureCache.h">
      <Filter>Header Files\utils</Filter>
    </ClInclude>
    <ClInclude Include="Camera2D.h">
      <Filter>Header Files\game</Filter>
    </ClInclude>
    <ClInclude Include="InputManager.h">
      <Filter>Header Files\utils</Filter>
    </ClInclude>
    <ClInclude Include="Image.h">
      <Filter>Header Files\utils</Filter>
    </ClInclude>
    <ClInclude Include="SpriteBatch.h">
      <Filter>Header Files\game</Filter>
    </ClInclude>
    <ClInclude Include="Bullet.h">
      <Filter>Header Files\entity</Filter>
    </ClInclude>
    <ClInclude Include="Window.h">
      <Filter>Header Files\game</Filter>
    </ClInclude>
    <ClInclude Include="ShaderProgram.h">
      <Filter>Header Files\game</Filter>
    </ClInclude>
    <ClInclude Include="EngineConfig.h">
      <Filter>Header Files\config</Filter>
    </ClInclude>
    <ClInclude Include="Vertex.h">
      <Filter>Header Files\graphics</Filter>
    </ClInclude>
    <ClInclude Include="Renderer.h">
      <Filter>Header Files\graphics</Filter>
    </ClInclude>
    <ClInclude Include="GLSL_Circle.h">
      <Filter>Header Files\GLSL</Filter>
    </ClInclude>
    <ClInclude Include="GLSL_Object.h">
      <Filter>Header Files\GLSL</Filter>
    </ClInclude>
    <ClInclude Include="Circle.h">
      <Filter>Header Files\geometry</Filter>
    </ClInclude>
    <ClInclude Include="GLSL_Square.h">
      <Filter>Header Files\GLSL</Filter>
    </ClInclude>
    <ClInclude Include="GeometryBase.h">
      <Filter>Header Files\geometry</Filter>
    </ClInclude>
    <ClInclude Include="Square.h">
      <Filter>Header Files\geometry</Filter>
    </ClInclude>
    <ClInclude Include="GLSL_Point.h">
      <Filter>Header Files\GLSL</Filter>
    </ClInclude>
    <ClInclude Include="Point.h">
      <Filter>Header Files\geometry</Filter>
    </ClInclude>
    <ClInclude Include="GLSL_Line.h">
      <Filter>Header Files\GLSL</Filter>
    </ClInclude>
    <ClInclude Include="Line.h">
      <Filter>Header Files\geometry</Filter>
    </ClInclude>
    <ClInclude Include="Graphics.h">
      <Filter>Header Files\graphics</Filter>
    </ClInclude>
    <ClInclude Include="Collision.h">
      <Filter>Header Files\utils</Filter>
    </ClInclude>
    <ClInclude Include="ParticleEngine2D.h">
      <Filter>Header Files\particles</Filter>
    </ClInclude>
    <ClInclude Include="GLSL_Texture.h">
      <Filter>Header Files\GLSL</Filter>
    </ClInclude>
    <ClInclude Include="AStarAlgorithm.h">
      <Filter>Header Files\A%2a</Filter>
    </ClInclude>
    <ClInclude Include="Node.h">
      <Filter>Header Files\A%2a</Filter>
    </ClInclude>
    <ClInclude Include="NodeComparator.h">
      <Filter>Header Files\A%2a</Filter>
    </ClInclude>
    <ClInclude Include="Utils.h">
      <Filter>Header Files\utils</Filter>
    </ClInclude>
    <ClInclude Include="LinkedList.h">
      <Filter>Header Files\Collections</Filter>
    </ClInclude>
    <ClInclude Include="Element.h">
      <Filter>Header Files\Collections</Filter>
    </ClInclude>
    <ClInclude Include="Queue.h">
      <Filter>Header Files\Collections</Filter>
    </ClInclude>
    <ClInclude Include="List.h">
      <Filter>Header Files\Collections</Filter>
    </ClInclude>
    <ClInclude Include="PriorityQueue.h">
      <Filter>Header Files\Collections</Filter>
    </ClInclude>
    <ClInclude Include="SearchSpace.h">
      <Filter>Header Files\A%2a</Filter>
    </ClInclude>
    <ClInclude Include="GLSL_Light.h">
      <Filter>Header Files\GLSL</Filter>
    </ClInclude>
    <ClInclude Include="Light.h">
      <Filter>Header Files\particles</Filter>
    </ClInclude>
    <ClInclude Include="TileSheet.h">
      <Filter>Header Files\graphics</Filter>
    </ClInclude>
    <ClInclude Include="TextureAtlas.h">
      <Filter>Header Files\texture</Filter>
    </ClInclude>
    <ClInclude Include="GLTexture.h">
      <Filter>Header Files\texture</Filter>
    </ClInclude>
    <ClInclude Include="Animation.h">
      <Filter>Header Files\texture</Filter>
    </ClInclude>
    <ClInclude Include="Time.h">
      <Filter>Header Files\game</Filter>
    </ClInclude>
    <ClInclude Include="CustomRenderer.h">
      <Filter>Header Files\graphics</Filter>
    </ClInclude>
    <ClInclude Include="Edge.h">
      <Filter>Header Files\Shadows</Filter>
    </ClInclude>
  </ItemGroup>
</Project>