<?xml version="1.0" encoding="utf-8"?>
<Project ToolsVersion="4.0" xmlns="http://schemas.microsoft.com/developer/msbuild/2003">
  <ItemGroup>
    <Filter Include="Source Files">
      <UniqueIdentifier>{4FC737F1-C7A5-4376-A066-2A32D752A2FF}</UniqueIdentifier>
      <Extensions>cpp;c;cc;cxx;c++;cppm;ixx;def;odl;idl;hpj;bat;asm;asmx</Extensions>
    </Filter>
    <Filter Include="Header Files">
      <UniqueIdentifier>{93995380-89BD-4b04-88EB-625FBE52EBFB}</UniqueIdentifier>
      <Extensions>h;hh;hpp;hxx;h++;hm;inl;inc;ipp;xsd</Extensions>
    </Filter>
    <Filter Include="Resource Files">
      <UniqueIdentifier>{67DA6AB6-F800-4c08-8B7A-83BB121AAD01}</UniqueIdentifier>
      <Extensions>rc;ico;cur;bmp;dlg;rc2;rct;bin;rgs;gif;jpg;jpeg;jpe;resx;tiff;tif;png;wav;mfcribbon-ms</Extensions>
    </Filter>
    <Filter Include="Source Files\app">
      <UniqueIdentifier>{414ac502-897c-41c1-9382-4f21555eb9ff}</UniqueIdentifier>
    </Filter>
    <Filter Include="Source Files\game">
      <UniqueIdentifier>{6618e515-7db8-416c-be60-4e4d16724725}</UniqueIdentifier>
    </Filter>
    <Filter Include="Header Files\game">
      <UniqueIdentifier>{658c2073-3349-49b8-99ac-206a3d27a996}</UniqueIdentifier>
    </Filter>
    <Filter Include="Header Files\config">
      <UniqueIdentifier>{20d1a7cd-621e-4ea4-b5ee-2a561a83f78f}</UniqueIdentifier>
    </Filter>
    <Filter Include="Header Files\entity">
      <UniqueIdentifier>{f4d479e4-8abb-4442-9adb-74942144517b}</UniqueIdentifier>
    </Filter>
    <Filter Include="Source Files\entity">
      <UniqueIdentifier>{bb03c0cf-9a61-4ec2-9353-d8308da32686}</UniqueIdentifier>
    </Filter>
    <Filter Include="Source Files\utils">
      <UniqueIdentifier>{1a81ce99-5641-4e0a-a3fe-3b75c8b22216}</UniqueIdentifier>
    </Filter>
    <Filter Include="Header Files\utils">
      <UniqueIdentifier>{7bb5576e-ee56-4b51-b17d-a42266365637}</UniqueIdentifier>
    </Filter>
  </ItemGroup>
  <ItemGroup>
    <ClCompile Include="Main.cpp">
      <Filter>Source Files\app</Filter>
    </ClCompile>
    <ClCompile Include="Game.cpp">
      <Filter>Source Files\game</Filter>
    </ClCompile>
    <ClCompile Include="EntityBase.cpp">
      <Filter>Source Files\entity</Filter>
    </ClCompile>
    <ClCompile Include="Block.cpp">
      <Filter>Source Files\entity</Filter>
    </ClCompile>
    <ClCompile Include="Player.cpp">
      <Filter>Source Files\entity</Filter>
    </ClCompile>
    <ClCompile Include="Utils.cpp">
      <Filter>Source Files\utils</Filter>
    </ClCompile>
  </ItemGroup>
  <ItemGroup>
    <ClInclude Include="Game.h">
      <Filter>Header Files\game</Filter>
    </ClInclude>
    <ClInclude Include="Config.h">
      <Filter>Header Files\config</Filter>
    </ClInclude>
    <ClInclude Include="EntityBase.h">
      <Filter>Header Files\entity</Filter>
    </ClInclude>
    <ClInclude Include="Block.h">
      <Filter>Header Files\entity</Filter>
    </ClInclude>
    <ClInclude Include="Player.h">
      <Filter>Header Files\entity</Filter>
    </ClInclude>
    <ClInclude Include="Utils.h">
      <Filter>Header Files\utils</Filter>
    </ClInclude>
  </ItemGroup>
</Project>